// !$*UTF8*$!
{
	archiveVersion = 1;
	classes = {
	};
	objectVersion = 56;
	objects = {

/* Begin PBXBuildFile section */
		803330E52B32301F002EA512 /* VolleyballStats_SwiftUIApp.swift in Sources */ = {isa = PBXBuildFile; fileRef = 803330E42B32301F002EA512 /* VolleyballStats_SwiftUIApp.swift */; };
		803330E72B32301F002EA512 /* MainView.swift in Sources */ = {isa = PBXBuildFile; fileRef = 803330E62B32301F002EA512 /* MainView.swift */; };
		803330E92B323020002EA512 /* Assets.xcassets in Resources */ = {isa = PBXBuildFile; fileRef = 803330E82B323020002EA512 /* Assets.xcassets */; };
		803330EC2B323020002EA512 /* Preview Assets.xcassets in Resources */ = {isa = PBXBuildFile; fileRef = 803330EB2B323020002EA512 /* Preview Assets.xcassets */; };
		80644C312B44335300BC17C0 /* StatsScreen.swift in Sources */ = {isa = PBXBuildFile; fileRef = 80644C302B44335300BC17C0 /* StatsScreen.swift */; };
		80644C352B46C93500BC17C0 /* IndeterminateProgressView.swift in Sources */ = {isa = PBXBuildFile; fileRef = 80644C342B46C93500BC17C0 /* IndeterminateProgressView.swift */; };
		80644C372B46F61E00BC17C0 /* Screen.swift in Sources */ = {isa = PBXBuildFile; fileRef = 80644C362B46F61E00BC17C0 /* Screen.swift */; };
		80644C392B46FD3C00BC17C0 /* Banner.swift in Sources */ = {isa = PBXBuildFile; fileRef = 80644C382B46FD3C00BC17C0 /* Banner.swift */; };
		80644C3B2B47183700BC17C0 /* MatchList.swift in Sources */ = {isa = PBXBuildFile; fileRef = 80644C3A2B47183700BC17C0 /* MatchList.swift */; };
		80644C3D2B47414700BC17C0 /* Color.swift in Sources */ = {isa = PBXBuildFile; fileRef = 80644C3C2B47414700BC17C0 /* Color.swift */; };
		80644C3F2B4751CB00BC17C0 /* Dimensions.swift in Sources */ = {isa = PBXBuildFile; fileRef = 80644C3E2B4751CB00BC17C0 /* Dimensions.swift */; };
		80644C422B489C9D00BC17C0 /* SimpleTable in Frameworks */ = {isa = PBXBuildFile; productRef = 80644C412B489C9D00BC17C0 /* SimpleTable */; };
		807B34152B34CEA50095F818 /* HomeScreen.swift in Sources */ = {isa = PBXBuildFile; fileRef = 807B34142B34CEA50095F818 /* HomeScreen.swift */; };
		807B34212B35A9D90095F818 /* MainViewModel.swift in Sources */ = {isa = PBXBuildFile; fileRef = 807B34202B35A9D90095F818 /* MainViewModel.swift */; };
		807B34242B35AF5B0095F818 /* Icon.swift in Sources */ = {isa = PBXBuildFile; fileRef = 807B34232B35AF5B0095F818 /* Icon.swift */; };
		80CF09752B3F6D350046C91F /* RouterView.swift in Sources */ = {isa = PBXBuildFile; fileRef = 80CF09742B3F6D350046C91F /* RouterView.swift */; };
		80CF09772B3F6D650046C91F /* Router.swift in Sources */ = {isa = PBXBuildFile; fileRef = 80CF09762B3F6D650046C91F /* Router.swift */; };
		80CF097A2B4419670046C91F /* FiltersScreen.swift in Sources */ = {isa = PBXBuildFile; fileRef = 80CF09792B4419670046C91F /* FiltersScreen.swift */; };
/* End PBXBuildFile section */

/* Begin PBXFileReference section */
		803330E12B32301F002EA512 /* VolleyballStats-SwiftUI.app */ = {isa = PBXFileReference; explicitFileType = wrapper.application; includeInIndex = 0; path = "VolleyballStats-SwiftUI.app"; sourceTree = BUILT_PRODUCTS_DIR; };
		803330E42B32301F002EA512 /* VolleyballStats_SwiftUIApp.swift */ = {isa = PBXFileReference; lastKnownFileType = sourcecode.swift; path = VolleyballStats_SwiftUIApp.swift; sourceTree = "<group>"; };
		803330E62B32301F002EA512 /* MainView.swift */ = {isa = PBXFileReference; lastKnownFileType = sourcecode.swift; path = MainView.swift; sourceTree = "<group>"; };
		803330E82B323020002EA512 /* Assets.xcassets */ = {isa = PBXFileReference; lastKnownFileType = folder.assetcatalog; path = Assets.xcassets; sourceTree = "<group>"; };
		803330EB2B323020002EA512 /* Preview Assets.xcassets */ = {isa = PBXFileReference; lastKnownFileType = folder.assetcatalog; path = "Preview Assets.xcassets"; sourceTree = "<group>"; };
		80644C302B44335300BC17C0 /* StatsScreen.swift */ = {isa = PBXFileReference; lastKnownFileType = sourcecode.swift; path = StatsScreen.swift; sourceTree = "<group>"; };
		80644C342B46C93500BC17C0 /* IndeterminateProgressView.swift */ = {isa = PBXFileReference; lastKnownFileType = sourcecode.swift; path = IndeterminateProgressView.swift; sourceTree = "<group>"; };
		80644C362B46F61E00BC17C0 /* Screen.swift */ = {isa = PBXFileReference; lastKnownFileType = sourcecode.swift; path = Screen.swift; sourceTree = "<group>"; };
		80644C382B46FD3C00BC17C0 /* Banner.swift */ = {isa = PBXFileReference; lastKnownFileType = sourcecode.swift; path = Banner.swift; sourceTree = "<group>"; };
		80644C3A2B47183700BC17C0 /* MatchList.swift */ = {isa = PBXFileReference; lastKnownFileType = sourcecode.swift; path = MatchList.swift; sourceTree = "<group>"; };
		80644C3C2B47414700BC17C0 /* Color.swift */ = {isa = PBXFileReference; lastKnownFileType = sourcecode.swift; path = Color.swift; sourceTree = "<group>"; };
		80644C3E2B4751CB00BC17C0 /* Dimensions.swift */ = {isa = PBXFileReference; lastKnownFileType = sourcecode.swift; path = Dimensions.swift; sourceTree = "<group>"; };
		807B34142B34CEA50095F818 /* HomeScreen.swift */ = {isa = PBXFileReference; lastKnownFileType = sourcecode.swift; path = HomeScreen.swift; sourceTree = "<group>"; };
		807B34202B35A9D90095F818 /* MainViewModel.swift */ = {isa = PBXFileReference; lastKnownFileType = sourcecode.swift; path = MainViewModel.swift; sourceTree = "<group>"; };
		807B34232B35AF5B0095F818 /* Icon.swift */ = {isa = PBXFileReference; lastKnownFileType = sourcecode.swift; path = Icon.swift; sourceTree = "<group>"; };
		80CF09742B3F6D350046C91F /* RouterView.swift */ = {isa = PBXFileReference; lastKnownFileType = sourcecode.swift; path = RouterView.swift; sourceTree = "<group>"; };
		80CF09762B3F6D650046C91F /* Router.swift */ = {isa = PBXFileReference; lastKnownFileType = sourcecode.swift; path = Router.swift; sourceTree = "<group>"; };
		80CF09792B4419670046C91F /* FiltersScreen.swift */ = {isa = PBXFileReference; lastKnownFileType = sourcecode.swift; path = FiltersScreen.swift; sourceTree = "<group>"; };
/* End PBXFileReference section */

/* Begin PBXFrameworksBuildPhase section */
		803330DE2B32301F002EA512 /* Frameworks */ = {
			isa = PBXFrameworksBuildPhase;
			buildActionMask = 2147483647;
			files = (
				80644C422B489C9D00BC17C0 /* SimpleTable in Frameworks */,
			);
			runOnlyForDeploymentPostprocessing = 0;
		};
/* End PBXFrameworksBuildPhase section */

/* Begin PBXGroup section */
		803330D82B32301F002EA512 = {
			isa = PBXGroup;
			children = (
				803330E32B32301F002EA512 /* VolleyballStats-SwiftUI */,
				803330E22B32301F002EA512 /* Products */,
			);
			sourceTree = "<group>";
		};
		803330E22B32301F002EA512 /* Products */ = {
			isa = PBXGroup;
			children = (
				803330E12B32301F002EA512 /* VolleyballStats-SwiftUI.app */,
			);
			name = Products;
			sourceTree = "<group>";
		};
		803330E32B32301F002EA512 /* VolleyballStats-SwiftUI */ = {
			isa = PBXGroup;
			children = (
				803330E42B32301F002EA512 /* VolleyballStats_SwiftUIApp.swift */,
				807B34132B34CE380095F818 /* screens */,
				807B34222B35AF4E0095F818 /* design */,
				803330E82B323020002EA512 /* Assets.xcassets */,
				803330EA2B323020002EA512 /* Preview Content */,
			);
			path = "VolleyballStats-SwiftUI";
			sourceTree = "<group>";
		};
		803330EA2B323020002EA512 /* Preview Content */ = {
			isa = PBXGroup;
			children = (
				803330EB2B323020002EA512 /* Preview Assets.xcassets */,
			);
			path = "Preview Content";
			sourceTree = "<group>";
		};
		80644C2F2B44333D00BC17C0 /* stats */ = {
			isa = PBXGroup;
			children = (
				80644C302B44335300BC17C0 /* StatsScreen.swift */,
			);
			path = stats;
			sourceTree = "<group>";
		};
		807B34132B34CE380095F818 /* screens */ = {
			isa = PBXGroup;
			children = (
				80644C2F2B44333D00BC17C0 /* stats */,
				80CF09782B4419530046C91F /* filters */,
				80CF09732B3F6D260046C91F /* router */,
				807B341F2B35A9C40095F818 /* main */,
				807B341C2B35A9A90095F818 /* home */,
				80644C362B46F61E00BC17C0 /* Screen.swift */,
			);
			path = screens;
			sourceTree = "<group>";
		};
		807B341C2B35A9A90095F818 /* home */ = {
			isa = PBXGroup;
			children = (
				807B34142B34CEA50095F818 /* HomeScreen.swift */,
				80644C3A2B47183700BC17C0 /* MatchList.swift */,
			);
			path = home;
			sourceTree = "<group>";
		};
		807B341F2B35A9C40095F818 /* main */ = {
			isa = PBXGroup;
			children = (
				803330E62B32301F002EA512 /* MainView.swift */,
				807B34202B35A9D90095F818 /* MainViewModel.swift */,
			);
			path = main;
			sourceTree = "<group>";
		};
		807B34222B35AF4E0095F818 /* design */ = {
			isa = PBXGroup;
			children = (
				807B34232B35AF5B0095F818 /* Icon.swift */,
				80644C342B46C93500BC17C0 /* IndeterminateProgressView.swift */,
				80644C382B46FD3C00BC17C0 /* Banner.swift */,
				80644C3C2B47414700BC17C0 /* Color.swift */,
				80644C3E2B4751CB00BC17C0 /* Dimensions.swift */,
			);
			path = design;
			sourceTree = "<group>";
		};
		80CF09732B3F6D260046C91F /* router */ = {
			isa = PBXGroup;
			children = (
				80CF09742B3F6D350046C91F /* RouterView.swift */,
				80CF09762B3F6D650046C91F /* Router.swift */,
			);
			path = router;
			sourceTree = "<group>";
		};
		80CF09782B4419530046C91F /* filters */ = {
			isa = PBXGroup;
			children = (
				80CF09792B4419670046C91F /* FiltersScreen.swift */,
			);
			path = filters;
			sourceTree = "<group>";
		};
/* End PBXGroup section */

/* Begin PBXNativeTarget section */
		803330E02B32301F002EA512 /* VolleyballStats-SwiftUI */ = {
			isa = PBXNativeTarget;
			buildConfigurationList = 803330EF2B323020002EA512 /* Build configuration list for PBXNativeTarget "VolleyballStats-SwiftUI" */;
			buildPhases = (
				803330F22B3230A8002EA512 /* ShellScript */,
				803330DD2B32301F002EA512 /* Sources */,
				803330DE2B32301F002EA512 /* Frameworks */,
				803330DF2B32301F002EA512 /* Resources */,
			);
			buildRules = (
			);
			dependencies = (
			);
			name = "VolleyballStats-SwiftUI";
			packageProductDependencies = (
				80644C412B489C9D00BC17C0 /* SimpleTable */,
			);
			productName = "VolleyballStats-SwiftUI";
			productReference = 803330E12B32301F002EA512 /* VolleyballStats-SwiftUI.app */;
			productType = "com.apple.product-type.application";
		};
/* End PBXNativeTarget section */

/* Begin PBXProject section */
		803330D92B32301F002EA512 /* Project object */ = {
			isa = PBXProject;
			attributes = {
				BuildIndependentTargetsInParallel = 1;
				LastSwiftUpdateCheck = 1510;
				LastUpgradeCheck = 1510;
				TargetAttributes = {
					803330E02B32301F002EA512 = {
						CreatedOnToolsVersion = 15.1;
					};
				};
			};
			buildConfigurationList = 803330DC2B32301F002EA512 /* Build configuration list for PBXProject "VolleyballStats-SwiftUI" */;
			compatibilityVersion = "Xcode 14.0";
			developmentRegion = en;
			hasScannedForEncodings = 0;
			knownRegions = (
				en,
				Base,
			);
			mainGroup = 803330D82B32301F002EA512;
			packageReferences = (
				80644C402B489C9D00BC17C0 /* XCRemoteSwiftPackageReference "swiftui-simple-table" */,
			);
			productRefGroup = 803330E22B32301F002EA512 /* Products */;
			projectDirPath = "";
			projectRoot = "";
			targets = (
				803330E02B32301F002EA512 /* VolleyballStats-SwiftUI */,
			);
		};
/* End PBXProject section */

/* Begin PBXResourcesBuildPhase section */
		803330DF2B32301F002EA512 /* Resources */ = {
			isa = PBXResourcesBuildPhase;
			buildActionMask = 2147483647;
			files = (
				803330EC2B323020002EA512 /* Preview Assets.xcassets in Resources */,
				803330E92B323020002EA512 /* Assets.xcassets in Resources */,
			);
			runOnlyForDeploymentPostprocessing = 0;
		};
/* End PBXResourcesBuildPhase section */

/* Begin PBXShellScriptBuildPhase section */
		803330F22B3230A8002EA512 /* ShellScript */ = {
			isa = PBXShellScriptBuildPhase;
			buildActionMask = 2147483647;
			files = (
			);
			inputFileListPaths = (
			);
			inputPaths = (
			);
			outputFileListPaths = (
			);
			outputPaths = (
			);
			runOnlyForDeploymentPostprocessing = 0;
			shellPath = /bin/sh;
			shellScript = "# Type a script or drag a script file from your workspace to insert its path.\ncd \"$SRCROOT/../..\"\n./gradlew :clients:shared:presentation:embedAndSignAppleFrameworkForXcode\n";
		};
/* End PBXShellScriptBuildPhase section */

/* Begin PBXSourcesBuildPhase section */
		803330DD2B32301F002EA512 /* Sources */ = {
			isa = PBXSourcesBuildPhase;
			buildActionMask = 2147483647;
			files = (
				80CF09752B3F6D350046C91F /* RouterView.swift in Sources */,
				80644C372B46F61E00BC17C0 /* Screen.swift in Sources */,
				80644C3B2B47183700BC17C0 /* MatchList.swift in Sources */,
				803330E72B32301F002EA512 /* MainView.swift in Sources */,
				807B34242B35AF5B0095F818 /* Icon.swift in Sources */,
				80CF097A2B4419670046C91F /* FiltersScreen.swift in Sources */,
				80644C392B46FD3C00BC17C0 /* Banner.swift in Sources */,
				80CF09772B3F6D650046C91F /* Router.swift in Sources */,
				80644C352B46C93500BC17C0 /* IndeterminateProgressView.swift in Sources */,
				80644C3D2B47414700BC17C0 /* Color.swift in Sources */,
				803330E52B32301F002EA512 /* VolleyballStats_SwiftUIApp.swift in Sources */,
				80644C3F2B4751CB00BC17C0 /* Dimensions.swift in Sources */,
				80644C312B44335300BC17C0 /* StatsScreen.swift in Sources */,
				807B34152B34CEA50095F818 /* HomeScreen.swift in Sources */,
				807B34212B35A9D90095F818 /* MainViewModel.swift in Sources */,
			);
			runOnlyForDeploymentPostprocessing = 0;
		};
/* End PBXSourcesBuildPhase section */

/* Begin XCBuildConfiguration section */
		803330ED2B323020002EA512 /* Debug */ = {
			isa = XCBuildConfiguration;
			buildSettings = {
				ALWAYS_SEARCH_USER_PATHS = NO;
				ASSETCATALOG_COMPILER_GENERATE_SWIFT_ASSET_SYMBOL_EXTENSIONS = YES;
				CLANG_ANALYZER_NONNULL = YES;
				CLANG_ANALYZER_NUMBER_OBJECT_CONVERSION = YES_AGGRESSIVE;
				CLANG_CXX_LANGUAGE_STANDARD = "gnu++20";
				CLANG_ENABLE_MODULES = YES;
				CLANG_ENABLE_OBJC_ARC = YES;
				CLANG_ENABLE_OBJC_WEAK = YES;
				CLANG_WARN_BLOCK_CAPTURE_AUTORELEASING = YES;
				CLANG_WARN_BOOL_CONVERSION = YES;
				CLANG_WARN_COMMA = YES;
				CLANG_WARN_CONSTANT_CONVERSION = YES;
				CLANG_WARN_DEPRECATED_OBJC_IMPLEMENTATIONS = YES;
				CLANG_WARN_DIRECT_OBJC_ISA_USAGE = YES_ERROR;
				CLANG_WARN_DOCUMENTATION_COMMENTS = YES;
				CLANG_WARN_EMPTY_BODY = YES;
				CLANG_WARN_ENUM_CONVERSION = YES;
				CLANG_WARN_INFINITE_RECURSION = YES;
				CLANG_WARN_INT_CONVERSION = YES;
				CLANG_WARN_NON_LITERAL_NULL_CONVERSION = YES;
				CLANG_WARN_OBJC_IMPLICIT_RETAIN_SELF = YES;
				CLANG_WARN_OBJC_LITERAL_CONVERSION = YES;
				CLANG_WARN_OBJC_ROOT_CLASS = YES_ERROR;
				CLANG_WARN_QUOTED_INCLUDE_IN_FRAMEWORK_HEADER = YES;
				CLANG_WARN_RANGE_LOOP_ANALYSIS = YES;
				CLANG_WARN_STRICT_PROTOTYPES = YES;
				CLANG_WARN_SUSPICIOUS_MOVE = YES;
				CLANG_WARN_UNGUARDED_AVAILABILITY = YES_AGGRESSIVE;
				CLANG_WARN_UNREACHABLE_CODE = YES;
				CLANG_WARN__DUPLICATE_METHOD_MATCH = YES;
				COPY_PHASE_STRIP = NO;
				DEBUG_INFORMATION_FORMAT = dwarf;
				ENABLE_STRICT_OBJC_MSGSEND = YES;
				ENABLE_TESTABILITY = YES;
				ENABLE_USER_SCRIPT_SANDBOXING = YES;
				GCC_C_LANGUAGE_STANDARD = gnu17;
				GCC_DYNAMIC_NO_PIC = NO;
				GCC_NO_COMMON_BLOCKS = YES;
				GCC_OPTIMIZATION_LEVEL = 0;
				GCC_PREPROCESSOR_DEFINITIONS = (
					"DEBUG=1",
					"$(inherited)",
				);
				GCC_WARN_64_TO_32_BIT_CONVERSION = YES;
				GCC_WARN_ABOUT_RETURN_TYPE = YES_ERROR;
				GCC_WARN_UNDECLARED_SELECTOR = YES;
				GCC_WARN_UNINITIALIZED_AUTOS = YES_AGGRESSIVE;
				GCC_WARN_UNUSED_FUNCTION = YES;
				GCC_WARN_UNUSED_VARIABLE = YES;
				IPHONEOS_DEPLOYMENT_TARGET = 17.2;
				LOCALIZATION_PREFERS_STRING_CATALOGS = YES;
				MTL_ENABLE_DEBUG_INFO = INCLUDE_SOURCE;
				MTL_FAST_MATH = YES;
				ONLY_ACTIVE_ARCH = YES;
				SDKROOT = iphoneos;
				SWIFT_ACTIVE_COMPILATION_CONDITIONS = "DEBUG $(inherited)";
				SWIFT_OPTIMIZATION_LEVEL = "-Onone";
			};
			name = Debug;
		};
		803330EE2B323020002EA512 /* Release */ = {
			isa = XCBuildConfiguration;
			buildSettings = {
				ALWAYS_SEARCH_USER_PATHS = NO;
				ASSETCATALOG_COMPILER_GENERATE_SWIFT_ASSET_SYMBOL_EXTENSIONS = YES;
				CLANG_ANALYZER_NONNULL = YES;
				CLANG_ANALYZER_NUMBER_OBJECT_CONVERSION = YES_AGGRESSIVE;
				CLANG_CXX_LANGUAGE_STANDARD = "gnu++20";
				CLANG_ENABLE_MODULES = YES;
				CLANG_ENABLE_OBJC_ARC = YES;
				CLANG_ENABLE_OBJC_WEAK = YES;
				CLANG_WARN_BLOCK_CAPTURE_AUTORELEASING = YES;
				CLANG_WARN_BOOL_CONVERSION = YES;
				CLANG_WARN_COMMA = YES;
				CLANG_WARN_CONSTANT_CONVERSION = YES;
				CLANG_WARN_DEPRECATED_OBJC_IMPLEMENTATIONS = YES;
				CLANG_WARN_DIRECT_OBJC_ISA_USAGE = YES_ERROR;
				CLANG_WARN_DOCUMENTATION_COMMENTS = YES;
				CLANG_WARN_EMPTY_BODY = YES;
				CLANG_WARN_ENUM_CONVERSION = YES;
				CLANG_WARN_INFINITE_RECURSION = YES;
				CLANG_WARN_INT_CONVERSION = YES;
				CLANG_WARN_NON_LITERAL_NULL_CONVERSION = YES;
				CLANG_WARN_OBJC_IMPLICIT_RETAIN_SELF = YES;
				CLANG_WARN_OBJC_LITERAL_CONVERSION = YES;
				CLANG_WARN_OBJC_ROOT_CLASS = YES_ERROR;
				CLANG_WARN_QUOTED_INCLUDE_IN_FRAMEWORK_HEADER = YES;
				CLANG_WARN_RANGE_LOOP_ANALYSIS = YES;
				CLANG_WARN_STRICT_PROTOTYPES = YES;
				CLANG_WARN_SUSPICIOUS_MOVE = YES;
				CLANG_WARN_UNGUARDED_AVAILABILITY = YES_AGGRESSIVE;
				CLANG_WARN_UNREACHABLE_CODE = YES;
				CLANG_WARN__DUPLICATE_METHOD_MATCH = YES;
				COPY_PHASE_STRIP = NO;
				DEBUG_INFORMATION_FORMAT = "dwarf-with-dsym";
				ENABLE_NS_ASSERTIONS = NO;
				ENABLE_STRICT_OBJC_MSGSEND = YES;
				ENABLE_USER_SCRIPT_SANDBOXING = YES;
				GCC_C_LANGUAGE_STANDARD = gnu17;
				GCC_NO_COMMON_BLOCKS = YES;
				GCC_WARN_64_TO_32_BIT_CONVERSION = YES;
				GCC_WARN_ABOUT_RETURN_TYPE = YES_ERROR;
				GCC_WARN_UNDECLARED_SELECTOR = YES;
				GCC_WARN_UNINITIALIZED_AUTOS = YES_AGGRESSIVE;
				GCC_WARN_UNUSED_FUNCTION = YES;
				GCC_WARN_UNUSED_VARIABLE = YES;
				IPHONEOS_DEPLOYMENT_TARGET = 17.2;
				LOCALIZATION_PREFERS_STRING_CATALOGS = YES;
				MTL_ENABLE_DEBUG_INFO = NO;
				MTL_FAST_MATH = YES;
				SDKROOT = iphoneos;
				SWIFT_COMPILATION_MODE = wholemodule;
				VALIDATE_PRODUCT = YES;
			};
			name = Release;
		};
		803330F02B323020002EA512 /* Debug */ = {
			isa = XCBuildConfiguration;
			buildSettings = {
				ASSETCATALOG_COMPILER_APPICON_NAME = AppIcon;
				ASSETCATALOG_COMPILER_GLOBAL_ACCENT_COLOR_NAME = AccentColor;
				CODE_SIGN_STYLE = Automatic;
				CURRENT_PROJECT_VERSION = 1;
				DEVELOPMENT_ASSET_PATHS = "\"VolleyballStats-SwiftUI/Preview Content\"";
				DEVELOPMENT_TEAM = HBMYL45Q58;
				ENABLE_PREVIEWS = YES;
				ENABLE_USER_SCRIPT_SANDBOXING = NO;
				FRAMEWORK_SEARCH_PATHS = "$(SRCROOT)/../shared/presentation/build/xcode-frameworks/$(CONFIGURATION)/$(SDK_NAME)";
				GENERATE_INFOPLIST_FILE = YES;
				INFOPLIST_KEY_UIApplicationSceneManifest_Generation = YES;
				INFOPLIST_KEY_UIApplicationSupportsIndirectInputEvents = YES;
				INFOPLIST_KEY_UILaunchScreen_Generation = YES;
				INFOPLIST_KEY_UISupportedInterfaceOrientations_iPad = "UIInterfaceOrientationPortrait UIInterfaceOrientationPortraitUpsideDown UIInterfaceOrientationLandscapeLeft UIInterfaceOrientationLandscapeRight";
				INFOPLIST_KEY_UISupportedInterfaceOrientations_iPhone = "UIInterfaceOrientationPortrait UIInterfaceOrientationLandscapeLeft UIInterfaceOrientationLandscapeRight";
				LD_RUNPATH_SEARCH_PATHS = (
					"$(inherited)",
					"@executable_path/Frameworks",
				);
				MARKETING_VERSION = 1.0;
				OTHER_LDFLAGS = (
					"$(inherited)",
					"-framework",
					shared,
					"-lsqlite3",
				);
				PRODUCT_BUNDLE_IDENTIFIER = "com.kamilh.VolleyballStats-SwiftUI";
				PRODUCT_NAME = "$(TARGET_NAME)";
				SWIFT_EMIT_LOC_STRINGS = YES;
				SWIFT_VERSION = 5.0;
				TARGETED_DEVICE_FAMILY = "1,2";
			};
			name = Debug;
		};
		803330F12B323020002EA512 /* Release */ = {
			isa = XCBuildConfiguration;
			buildSettings = {
				ASSETCATALOG_COMPILER_APPICON_NAME = AppIcon;
				ASSETCATALOG_COMPILER_GLOBAL_ACCENT_COLOR_NAME = AccentColor;
				CODE_SIGN_STYLE = Automatic;
				CURRENT_PROJECT_VERSION = 1;
				DEVELOPMENT_ASSET_PATHS = "\"VolleyballStats-SwiftUI/Preview Content\"";
				DEVELOPMENT_TEAM = HBMYL45Q58;
				ENABLE_PREVIEWS = YES;
				ENABLE_USER_SCRIPT_SANDBOXING = NO;
				FRAMEWORK_SEARCH_PATHS = "$(SRCROOT)/../shared/presentation/build/xcode-frameworks/$(CONFIGURATION)/$(SDK_NAME)";
				GENERATE_INFOPLIST_FILE = YES;
				INFOPLIST_KEY_UIApplicationSceneManifest_Generation = YES;
				INFOPLIST_KEY_UIApplicationSupportsIndirectInputEvents = YES;
				INFOPLIST_KEY_UILaunchScreen_Generation = YES;
				INFOPLIST_KEY_UISupportedInterfaceOrientations_iPad = "UIInterfaceOrientationPortrait UIInterfaceOrientationPortraitUpsideDown UIInterfaceOrientationLandscapeLeft UIInterfaceOrientationLandscapeRight";
				INFOPLIST_KEY_UISupportedInterfaceOrientations_iPhone = "UIInterfaceOrientationPortrait UIInterfaceOrientationLandscapeLeft UIInterfaceOrientationLandscapeRight";
				LD_RUNPATH_SEARCH_PATHS = (
					"$(inherited)",
					"@executable_path/Frameworks",
				);
				MARKETING_VERSION = 1.0;
				OTHER_LDFLAGS = (
					"$(inherited)",
					"-framework",
					shared,
					"-lsqlite3",
				);
				PRODUCT_BUNDLE_IDENTIFIER = "com.kamilh.VolleyballStats-SwiftUI";
				PRODUCT_NAME = "$(TARGET_NAME)";
				SWIFT_EMIT_LOC_STRINGS = YES;
				SWIFT_VERSION = 5.0;
				TARGETED_DEVICE_FAMILY = "1,2";
			};
			name = Release;
		};
/* End XCBuildConfiguration section */

/* Begin XCConfigurationList section */
		803330DC2B32301F002EA512 /* Build configuration list for PBXProject "VolleyballStats-SwiftUI" */ = {
			isa = XCConfigurationList;
			buildConfigurations = (
				803330ED2B323020002EA512 /* Debug */,
				803330EE2B323020002EA512 /* Release */,
			);
			defaultConfigurationIsVisible = 0;
			defaultConfigurationName = Release;
		};
		803330EF2B323020002EA512 /* Build configuration list for PBXNativeTarget "VolleyballStats-SwiftUI" */ = {
			isa = XCConfigurationList;
			buildConfigurations = (
				803330F02B323020002EA512 /* Debug */,
				803330F12B323020002EA512 /* Release */,
			);
			defaultConfigurationIsVisible = 0;
			defaultConfigurationName = Release;
		};
/* End XCConfigurationList section */

/* Begin XCRemoteSwiftPackageReference section */
		80644C402B489C9D00BC17C0 /* XCRemoteSwiftPackageReference "swiftui-simple-table" */ = {
			isa = XCRemoteSwiftPackageReference;
			repositoryURL = "https://github.com/darrarski/swiftui-simple-table";
			requirement = {
				branch = main;
				kind = branch;
			};
		};
/* End XCRemoteSwiftPackageReference section */

/* Begin XCSwiftPackageProductDependency section */
		80644C412B489C9D00BC17C0 /* SimpleTable */ = {
			isa = XCSwiftPackageProductDependency;
			package = 80644C402B489C9D00BC17C0 /* XCRemoteSwiftPackageReference "swiftui-simple-table" */;
			productName = SimpleTable;
		};
/* End XCSwiftPackageProductDependency section */
	};
	rootObject = 803330D92B32301F002EA512 /* Project object */;
}
